
Microsoft Visual Studio Solution File, Format Version 12.00
# Visual Studio Version 17
VisualStudioVersion = 17.2.32602.215
MinimumVisualStudioVersion = 10.0.40219.1
Project("{9A19103F-16F7-4668-BE54-9A1E7A4F7556}") = "AdaBank.Domain", "AdaBank.Domain\AdaBank.Domain.csproj", "{B129274E-E4DB-4EDF-BDF1-6F4CE42E18B6}"
EndProject
Project("{9A19103F-16F7-4668-BE54-9A1E7A4F7556}") = "AdaBank", "AdaBank\AdaBank.csproj", "{E1E9015E-7483-4F40-B74A-F5AB30B17CA9}"
EndProject
Project("{9A19103F-16F7-4668-BE54-9A1E7A4F7556}") = "UnitTest", "UnitTest\UnitTest.csproj", "{44609A4F-3098-4637-83A5-B59EA75AA933}"
EndProject
Project("{9A19103F-16F7-4668-BE54-9A1E7A4F7556}") = "PrimeNumbers", "..\PrimeNumbers\PrimeNumbers.csproj", "{D7A85780-452C-4DEF-BDA0-F83E1B49ECD0}"
EndProject
Project("{2150E333-8FDC-42A3-9474-1A3956D46DE8}") = "2. PrimeNumber", "2. PrimeNumber", "{48ECE7A1-BCBD-45E5-82D3-F6E5FD71465D}"
EndProject
Project("{2150E333-8FDC-42A3-9474-1A3956D46DE8}") = "1. AdaBank", "1. AdaBank", "{A2765ABA-20EE-4132-908B-E4BE600FD000}"
EndProject
Project("{9A19103F-16F7-4668-BE54-9A1E7A4F7556}") = "PrimeUnitTest", "PrimeUnitTest\PrimeUnitTest.csproj", "{6997FE77-85C0-4F8A-904F-B393F61E9F20}"
EndProject
Project("{9A19103F-16F7-4668-BE54-9A1E7A4F7556}") = "PrimeNumber.Domain", "PrimeNumber.Domain\PrimeNumber.Domain.csproj", "{A8A0A28E-2D75-4115-A735-57B30866CC0A}"
EndProject
Project("{2150E333-8FDC-42A3-9474-1A3956D46DE8}") = "3. LeapYear", "3. LeapYear", "{204BDB05-AC9A-46B6-9E25-7869483EBB16}"
EndProject
Project("{9A19103F-16F7-4668-BE54-9A1E7A4F7556}") = "LeapYear", "LeapYear\LeapYear.csproj", "{6BD2378A-6486-493B-A050-97DE3313F54A}"
EndProject
Project("{FAE04EC0-301F-11D3-BF4B-00C04F79EFBC}") = "LeapYearTest", "LeapYearTest\LeapYearTest.csproj", "{71E8EFCF-C2EC-460E-8498-DF42063251E4}"
EndProject
Project("{FAE04EC0-301F-11D3-BF4B-00C04F79EFBC}") = "LeapYear.Domain2", "LeapYear.Domain2\LeapYear.Domain2.csproj", "{26DE883E-A8C5-4B27-A974-C640F84F1897}"
EndProject
Global
	GlobalSection(SolutionConfigurationPlatforms) = preSolution
		Debug|Any CPU = Debug|Any CPU
		Release|Any CPU = Release|Any CPU
	EndGlobalSection
	GlobalSection(ProjectConfigurationPlatforms) = postSolution
		{B129274E-E4DB-4EDF-BDF1-6F4CE42E18B6}.Debug|Any CPU.ActiveCfg = Debug|Any CPU
		{B129274E-E4DB-4EDF-BDF1-6F4CE42E18B6}.Debug|Any CPU.Build.0 = Debug|Any CPU
		{B129274E-E4DB-4EDF-BDF1-6F4CE42E18B6}.Release|Any CPU.ActiveCfg = Release|Any CPU
		{B129274E-E4DB-4EDF-BDF1-6F4CE42E18B6}.Release|Any CPU.Build.0 = Release|Any CPU
		{E1E9015E-7483-4F40-B74A-F5AB30B17CA9}.Debug|Any CPU.ActiveCfg = Debug|Any CPU
		{E1E9015E-7483-4F40-B74A-F5AB30B17CA9}.Debug|Any CPU.Build.0 = Debug|Any CPU
		{E1E9015E-7483-4F40-B74A-F5AB30B17CA9}.Release|Any CPU.ActiveCfg = Release|Any CPU
		{E1E9015E-7483-4F40-B74A-F5AB30B17CA9}.Release|Any CPU.Build.0 = Release|Any CPU
		{44609A4F-3098-4637-83A5-B59EA75AA933}.Debug|Any CPU.ActiveCfg = Debug|Any CPU
		{44609A4F-3098-4637-83A5-B59EA75AA933}.Debug|Any CPU.Build.0 = Debug|Any CPU
		{44609A4F-3098-4637-83A5-B59EA75AA933}.Release|Any CPU.ActiveCfg = Release|Any CPU
		{44609A4F-3098-4637-83A5-B59EA75AA933}.Release|Any CPU.Build.0 = Release|Any CPU
		{D7A85780-452C-4DEF-BDA0-F83E1B49ECD0}.Debug|Any CPU.ActiveCfg = Debug|Any CPU
		{D7A85780-452C-4DEF-BDA0-F83E1B49ECD0}.Debug|Any CPU.Build.0 = Debug|Any CPU
		{D7A85780-452C-4DEF-BDA0-F83E1B49ECD0}.Release|Any CPU.ActiveCfg = Release|Any CPU
		{D7A85780-452C-4DEF-BDA0-F83E1B49ECD0}.Release|Any CPU.Build.0 = Release|Any CPU
		{6997FE77-85C0-4F8A-904F-B393F61E9F20}.Debug|Any CPU.ActiveCfg = Debug|Any CPU
		{6997FE77-85C0-4F8A-904F-B393F61E9F20}.Debug|Any CPU.Build.0 = Debug|Any CPU
		{6997FE77-85C0-4F8A-904F-B393F61E9F20}.Release|Any CPU.ActiveCfg = Release|Any CPU
		{6997FE77-85C0-4F8A-904F-B393F61E9F20}.Release|Any CPU.Build.0 = Release|Any CPU
		{A8A0A28E-2D75-4115-A735-57B30866CC0A}.Debug|Any CPU.ActiveCfg = Debug|Any CPU
		{A8A0A28E-2D75-4115-A735-57B30866CC0A}.Debug|Any CPU.Build.0 = Debug|Any CPU
		{A8A0A28E-2D75-4115-A735-57B30866CC0A}.Release|Any CPU.ActiveCfg = Release|Any CPU
		{A8A0A28E-2D75-4115-A735-57B30866CC0A}.Release|Any CPU.Build.0 = Release|Any CPU
		{6BD2378A-6486-493B-A050-97DE3313F54A}.Debug|Any CPU.ActiveCfg = Debug|Any CPU
		{6BD2378A-6486-493B-A050-97DE3313F54A}.Debug|Any CPU.Build.0 = Debug|Any CPU
		{6BD2378A-6486-493B-A050-97DE3313F54A}.Release|Any CPU.ActiveCfg = Release|Any CPU
		{6BD2378A-6486-493B-A050-97DE3313F54A}.Release|Any CPU.Build.0 = Release|Any CPU
		{71E8EFCF-C2EC-460E-8498-DF42063251E4}.Debug|Any CPU.ActiveCfg = Debug|Any CPU
		{71E8EFCF-C2EC-460E-8498-DF42063251E4}.Debug|Any CPU.Build.0 = Debug|Any CPU
		{71E8EFCF-C2EC-460E-8498-DF42063251E4}.Release|Any CPU.ActiveCfg = Release|Any CPU
		{71E8EFCF-C2EC-460E-8498-DF42063251E4}.Release|Any CPU.Build.0 = Release|Any CPU
		{26DE883E-A8C5-4B27-A974-C640F84F1897}.Debug|Any CPU.ActiveCfg = Debug|Any CPU
		{26DE883E-A8C5-4B27-A974-C640F84F1897}.Debug|Any CPU.Build.0 = Debug|Any CPU
		{26DE883E-A8C5-4B27-A974-C640F84F1897}.Release|Any CPU.ActiveCfg = Release|Any CPU
		{26DE883E-A8C5-4B27-A974-C640F84F1897}.Release|Any CPU.Build.0 = Release|Any CPU
	EndGlobalSection
	GlobalSection(SolutionProperties) = preSolution
		HideSolutionNode = FALSE
	EndGlobalSection
	GlobalSection(NestedProjects) = preSolution
		{B129274E-E4DB-4EDF-BDF1-6F4CE42E18B6} = {A2765ABA-20EE-4132-908B-E4BE600FD000}
		{E1E9015E-7483-4F40-B74A-F5AB30B17CA9} = {A2765ABA-20EE-4132-908B-E4BE600FD000}
		{44609A4F-3098-4637-83A5-B59EA75AA933} = {A2765ABA-20EE-4132-908B-E4BE600FD000}
		{D7A85780-452C-4DEF-BDA0-F83E1B49ECD0} = {48ECE7A1-BCBD-45E5-82D3-F6E5FD71465D}
		{6997FE77-85C0-4F8A-904F-B393F61E9F20} = {48ECE7A1-BCBD-45E5-82D3-F6E5FD71465D}
		{A8A0A28E-2D75-4115-A735-57B30866CC0A} = {48ECE7A1-BCBD-45E5-82D3-F6E5FD71465D}
		{6BD2378A-6486-493B-A050-97DE3313F54A} = {204BDB05-AC9A-46B6-9E25-7869483EBB16}
		{71E8EFCF-C2EC-460E-8498-DF42063251E4} = {204BDB05-AC9A-46B6-9E25-7869483EBB16}
		{26DE883E-A8C5-4B27-A974-C640F84F1897} = {204BDB05-AC9A-46B6-9E25-7869483EBB16}
	EndGlobalSection
	GlobalSection(ExtensibilityGlobals) = postSolution
		SolutionGuid = {5BA5404A-0572-4A32-B375-53CBEBB0602B}
	EndGlobalSection
EndGlobal
